
Microsoft Visual Studio Solution File, Format Version 12.00
# Visual Studio Version 16
VisualStudioVersion = 16.0.31729.503
MinimumVisualStudioVersion = 10.0.40219.1
Project("{FAE04EC0-301F-11D3-BF4B-00C04F79EFBC}") = "WebApplication5", "WebApplication5\WebApplication5.csproj", "{CCA032A5-FD05-47D0-ABB7-5E79D05E3294}"
EndProject
Global
	GlobalSection(SolutionConfigurationPlatforms) = preSolution
		Debug|Any CPU = Debug|Any CPU
		Release|Any CPU = Release|Any CPU
	EndGlobalSection
	GlobalSection(ProjectConfigurationPlatforms) = postSolution
		{CCA032A5-FD05-47D0-ABB7-5E79D05E3294}.Debug|Any CPU.ActiveCfg = Debug|Any CPU
		{CCA032A5-FD05-47D0-ABB7-5E79D05E3294}.Debug|Any CPU.Build.0 = Debug|Any CPU
		{CCA032A5-FD05-47D0-ABB7-5E79D05E3294}.Release|Any CPU.ActiveCfg = Release|Any CPU
		{CCA032A5-FD05-47D0-ABB7-5E79D05E3294}.Release|Any CPU.Build.0 = Release|Any CPU
	EndGlobalSection
	GlobalSection(SolutionProperties) = preSolution
		HideSolutionNode = FALSE
	EndGlobalSection
	GlobalSection(ExtensibilityGlobals) = postSolution
		SolutionGuid = {F7BA29A8-E82B-44AD-90F4-5C31FA479DB9}
	EndGlobalSection
EndGlobal
